
Microsoft Visual Studio Solution File, Format Version 12.00
# Visual Studio Version 17
VisualStudioVersion = 17.4.33213.308
MinimumVisualStudioVersion = 10.0.40219.1
Project("{54A90642-561A-4BB1-A94E-469ADEE60C69}") = "portfol-io", "portfol-io\portfol-io.esproj", "{639FBD55-1923-4A63-BE57-972A1E9BA6A2}"
EndProject
Global
	GlobalSection(SolutionConfigurationPlatforms) = preSolution
		Debug|Any CPU = Debug|Any CPU
		Release|Any CPU = Release|Any CPU
	EndGlobalSection
	GlobalSection(ProjectConfigurationPlatforms) = postSolution
		{639FBD55-1923-4A63-BE57-972A1E9BA6A2}.Debug|Any CPU.ActiveCfg = Debug|Any CPU
		{639FBD55-1923-4A63-BE57-972A1E9BA6A2}.Debug|Any CPU.Build.0 = Debug|Any CPU
		{639FBD55-1923-4A63-BE57-972A1E9BA6A2}.Debug|Any CPU.Deploy.0 = Debug|Any CPU
		{639FBD55-1923-4A63-BE57-972A1E9BA6A2}.Release|Any CPU.ActiveCfg = Release|Any CPU
		{639FBD55-1923-4A63-BE57-972A1E9BA6A2}.Release|Any CPU.Build.0 = Release|Any CPU
		{639FBD55-1923-4A63-BE57-972A1E9BA6A2}.Release|Any CPU.Deploy.0 = Release|Any CPU
	EndGlobalSection
	GlobalSection(SolutionProperties) = preSolution
		HideSolutionNode = FALSE
	EndGlobalSection
	GlobalSection(ExtensibilityGlobals) = postSolution
		SolutionGuid = {4AF20E39-3D76-4404-B3A3-784518890D7E}
	EndGlobalSection
EndGlobal
